// !$*UTF8*$!
{
	archiveVersion = 1;
	classes = {
	};
	objectVersion = 50;
	objects = {

/* Begin PBXBuildFile section */
		A12825BD245028F40084CE52 /* AppDelegate.m in Sources */ = {isa = PBXBuildFile; fileRef = A12825BC245028F40084CE52 /* AppDelegate.m */; };
		A12825C0245028F40084CE52 /* SceneDelegate.m in Sources */ = {isa = PBXBuildFile; fileRef = A12825BF245028F40084CE52 /* SceneDelegate.m */; };
		A12825C3245028F40084CE52 /* ViewController.m in Sources */ = {isa = PBXBuildFile; fileRef = A12825C2245028F40084CE52 /* ViewController.m */; };
		A12825C6245028F40084CE52 /* Main.storyboard in Resources */ = {isa = PBXBuildFile; fileRef = A12825C4245028F40084CE52 /* Main.storyboard */; };
		A12825C8245028F60084CE52 /* Assets.xcassets in Resources */ = {isa = PBXBuildFile; fileRef = A12825C7245028F60084CE52 /* Assets.xcassets */; };
		A12825CB245028F60084CE52 /* LaunchScreen.storyboard in Resources */ = {isa = PBXBuildFile; fileRef = A12825C9245028F60084CE52 /* LaunchScreen.storyboard */; };
		A12825CE245028F60084CE52 /* main.m in Sources */ = {isa = PBXBuildFile; fileRef = A12825CD245028F60084CE52 /* main.m */; };
		A1D9FEE0245662DA00AC20B3 /* mobileebitenviewcontroller_ios.m in Sources */ = {isa = PBXBuildFile; fileRef = A1D9FEDD245662D900AC20B3 /* mobileebitenviewcontroller_ios.m */; };
		A1D9FEE1245662DA00AC20B3 /* Ebitenmobileview_darwin.m in Sources */ = {isa = PBXBuildFile; fileRef = A1D9FEDE245662D900AC20B3 /* Ebitenmobileview_darwin.m */; };
		A1D9FEE2245662DA00AC20B3 /* Mobile_darwin.m in Sources */ = {isa = PBXBuildFile; fileRef = A1D9FEDF245662D900AC20B3 /* Mobile_darwin.m */; };
/* End PBXBuildFile section */

/* Begin PBXFileReference section */
		A12825B8245028F40084CE52 /* EbitenTest.app */ = {isa = PBXFileReference; explicitFileType = wrapper.application; includeInIndex = 0; path = EbitenTest.app; sourceTree = BUILT_PRODUCTS_DIR; };
		A12825BB245028F40084CE52 /* AppDelegate.h */ = {isa = PBXFileReference; lastKnownFileType = sourcecode.c.h; path = AppDelegate.h; sourceTree = "<group>"; };
		A12825BC245028F40084CE52 /* AppDelegate.m */ = {isa = PBXFileReference; lastKnownFileType = sourcecode.c.objc; path = AppDelegate.m; sourceTree = "<group>"; };
		A12825BE245028F40084CE52 /* SceneDelegate.h */ = {isa = PBXFileReference; lastKnownFileType = sourcecode.c.h; path = SceneDelegate.h; sourceTree = "<group>"; };
		A12825BF245028F40084CE52 /* SceneDelegate.m */ = {isa = PBXFileReference; lastKnownFileType = sourcecode.c.objc; path = SceneDelegate.m; sourceTree = "<group>"; };
		A12825C1245028F40084CE52 /* ViewController.h */ = {isa = PBXFileReference; lastKnownFileType = sourcecode.c.h; path = ViewController.h; sourceTree = "<group>"; };
		A12825C2245028F40084CE52 /* ViewController.m */ = {isa = PBXFileReference; lastKnownFileType = sourcecode.c.objc; path = ViewController.m; sourceTree = "<group>"; };
		A12825C5245028F40084CE52 /* Base */ = {isa = PBXFileReference; lastKnownFileType = file.storyboard; name = Base; path = Base.lproj/Main.storyboard; sourceTree = "<group>"; };
		A12825C7245028F60084CE52 /* Assets.xcassets */ = {isa = PBXFileReference; lastKnownFileType = folder.assetcatalog; path = Assets.xcassets; sourceTree = "<group>"; };
		A12825CA245028F60084CE52 /* Base */ = {isa = PBXFileReference; lastKnownFileType = file.storyboard; name = Base; path = Base.lproj/LaunchScreen.storyboard; sourceTree = "<group>"; };
		A12825CC245028F60084CE52 /* Info.plist */ = {isa = PBXFileReference; lastKnownFileType = text.plist.xml; path = Info.plist; sourceTree = "<group>"; };
		A12825CD245028F60084CE52 /* main.m */ = {isa = PBXFileReference; lastKnownFileType = sourcecode.c.objc; path = main.m; sourceTree = "<group>"; };
		A1D9FEDD245662D900AC20B3 /* mobileebitenviewcontroller_ios.m */ = {isa = PBXFileReference; fileEncoding = 4; lastKnownFileType = sourcecode.c.objc; name = mobileebitenviewcontroller_ios.m; path = ../../gobind/mobileebitenviewcontroller_ios.m; sourceTree = "<group>"; };
		A1D9FEDE245662D900AC20B3 /* Ebitenmobileview_darwin.m */ = {isa = PBXFileReference; fileEncoding = 4; lastKnownFileType = sourcecode.c.objc; name = Ebitenmobileview_darwin.m; path = ../../gobind/Ebitenmobileview_darwin.m; sourceTree = "<group>"; };
		A1D9FEDF245662D900AC20B3 /* Mobile_darwin.m */ = {isa = PBXFileReference; fileEncoding = 4; lastKnownFileType = sourcecode.c.objc; name = Mobile_darwin.m; path = ../../gobind/Mobile_darwin.m; sourceTree = "<group>"; };
/* End PBXFileReference section */

/* Begin PBXFrameworksBuildPhase section */
		A12825B5245028F40084CE52 /* Frameworks */ = {
			isa = PBXFrameworksBuildPhase;
			buildActionMask = 2147483647;
			files = (
			);
			runOnlyForDeploymentPostprocessing = 0;
		};
/* End PBXFrameworksBuildPhase section */

/* Begin PBXGroup section */
		A12825AF245028F40084CE52 = {
			isa = PBXGroup;
			children = (
				A12825BA245028F40084CE52 /* EbitenTest */,
				A12825B9245028F40084CE52 /* Products */,
				A13BEDC42450320C007D8BD1 /* Frameworks */,
			);
			sourceTree = "<group>";
		};
		A12825B9245028F40084CE52 /* Products */ = {
			isa = PBXGroup;
			children = (
				A12825B8245028F40084CE52 /* EbitenTest.app */,
			);
			name = Products;
			sourceTree = "<group>";
		};
		A12825BA245028F40084CE52 /* EbitenTest */ = {
			isa = PBXGroup;
			children = (
				A1D9FEDE245662D900AC20B3 /* Ebitenmobileview_darwin.m */,
				A1D9FEDF245662D900AC20B3 /* Mobile_darwin.m */,
				A1D9FEDD245662D900AC20B3 /* mobileebitenviewcontroller_ios.m */,
				A12825BB245028F40084CE52 /* AppDelegate.h */,
				A12825BC245028F40084CE52 /* AppDelegate.m */,
				A12825BE245028F40084CE52 /* SceneDelegate.h */,
				A12825BF245028F40084CE52 /* SceneDelegate.m */,
				A12825C1245028F40084CE52 /* ViewController.h */,
				A12825C2245028F40084CE52 /* ViewController.m */,
				A12825C4245028F40084CE52 /* Main.storyboard */,
				A12825C7245028F60084CE52 /* Assets.xcassets */,
				A12825C9245028F60084CE52 /* LaunchScreen.storyboard */,
				A12825CC245028F60084CE52 /* Info.plist */,
				A12825CD245028F60084CE52 /* main.m */,
			);
			path = EbitenTest;
			sourceTree = "<group>";
		};
		A13BEDC42450320C007D8BD1 /* Frameworks */ = {
			isa = PBXGroup;
			children = (
			);
			name = Frameworks;
			sourceTree = "<group>";
		};
/* End PBXGroup section */

/* Begin PBXNativeTarget section */
		A12825B7245028F40084CE52 /* EbitenTest */ = {
			isa = PBXNativeTarget;
			buildConfigurationList = A12825D1245028F60084CE52 /* Build configuration list for PBXNativeTarget "EbitenTest" */;
			buildPhases = (
				A1B6B7B424590F6C00E57D21 /* Build Go '.framework' */,
				A12825B4245028F40084CE52 /* Sources */,
				A12825B5245028F40084CE52 /* Frameworks */,
				A12825B6245028F40084CE52 /* Resources */,
			);
			buildRules = (
			);
			dependencies = (
			);
			name = EbitenTest;
			productName = EbitenTest;
			productReference = A12825B8245028F40084CE52 /* EbitenTest.app */;
			productType = "com.apple.product-type.application";
		};
/* End PBXNativeTarget section */

/* Begin PBXProject section */
		A12825B0245028F40084CE52 /* Project object */ = {
			isa = PBXProject;
			attributes = {
				LastUpgradeCheck = 1140;
				ORGANIZATIONNAME = "Nikhilesh Sigatapu";
				TargetAttributes = {
					A12825B7245028F40084CE52 = {
						CreatedOnToolsVersion = 11.4.1;
					};
				};
			};
			buildConfigurationList = A12825B3245028F40084CE52 /* Build configuration list for PBXProject "EbitenTest" */;
			compatibilityVersion = "Xcode 9.3";
			developmentRegion = en;
			hasScannedForEncodings = 0;
			knownRegions = (
				en,
				Base,
			);
			mainGroup = A12825AF245028F40084CE52;
			productRefGroup = A12825B9245028F40084CE52 /* Products */;
			projectDirPath = "";
			projectRoot = "";
			targets = (
				A12825B7245028F40084CE52 /* EbitenTest */,
			);
		};
/* End PBXProject section */

/* Begin PBXResourcesBuildPhase section */
		A12825B6245028F40084CE52 /* Resources */ = {
			isa = PBXResourcesBuildPhase;
			buildActionMask = 2147483647;
			files = (
				A12825CB245028F60084CE52 /* LaunchScreen.storyboard in Resources */,
				A12825C8245028F60084CE52 /* Assets.xcassets in Resources */,
				A12825C6245028F40084CE52 /* Main.storyboard in Resources */,
			);
			runOnlyForDeploymentPostprocessing = 0;
		};
/* End PBXResourcesBuildPhase section */

/* Begin PBXShellScriptBuildPhase section */
		A1B6B7B424590F6C00E57D21 /* Build Go '.framework' */ = {
			isa = PBXShellScriptBuildPhase;
			buildActionMask = 2147483647;
			files = (
			);
			inputFileListPaths = (
			);
			inputPaths = (
			);
			name = "Build Go '.framework'";
			outputFileListPaths = (
			);
			outputPaths = (
			);
			runOnlyForDeploymentPostprocessing = 0;
			shellPath = /bin/sh;
			shellScript = "# Type a script or drag a script file from your workspace to insert its path.\ncd $PROJECT_DIR/../mobile\ngo run github.com/nikki93/gomob -target ios -iosheader ios.h -o ../ios/Mobile.framework .\n\n";
		};
/* End PBXShellScriptBuildPhase section */

/* Begin PBXSourcesBuildPhase section */
		A12825B4245028F40084CE52 /* Sources */ = {
			isa = PBXSourcesBuildPhase;
			buildActionMask = 2147483647;
			files = (
				A12825C3245028F40084CE52 /* ViewController.m in Sources */,
				A12825BD245028F40084CE52 /* AppDelegate.m in Sources */,
				A1D9FEE1245662DA00AC20B3 /* Ebitenmobileview_darwin.m in Sources */,
				A1D9FEE0245662DA00AC20B3 /* mobileebitenviewcontroller_ios.m in Sources */,
				A12825CE245028F60084CE52 /* main.m in Sources */,
				A1D9FEE2245662DA00AC20B3 /* Mobile_darwin.m in Sources */,
				A12825C0245028F40084CE52 /* SceneDelegate.m in Sources */,
			);
			runOnlyForDeploymentPostprocessing = 0;
		};
/* End PBXSourcesBuildPhase section */

/* Begin PBXVariantGroup section */
		A12825C4245028F40084CE52 /* Main.storyboard */ = {
			isa = PBXVariantGroup;
			children = (
				A12825C5245028F40084CE52 /* Base */,
			);
			name = Main.storyboard;
			sourceTree = "<group>";
		};
		A12825C9245028F60084CE52 /* LaunchScreen.storyboard */ = {
			isa = PBXVariantGroup;
			children = (
				A12825CA245028F60084CE52 /* Base */,
			);
			name = LaunchScreen.storyboard;
			sourceTree = "<group>";
		};
/* End PBXVariantGroup section */

/* Begin XCBuildConfiguration section */
		A12825CF245028F60084CE52 /* Debug */ = {
			isa = XCBuildConfiguration;
			buildSettings = {
				ALWAYS_SEARCH_USER_PATHS = NO;
				CLANG_ANALYZER_NONNULL = YES;
				CLANG_ANALYZER_NUMBER_OBJECT_CONVERSION = YES_AGGRESSIVE;
				CLANG_CXX_LANGUAGE_STANDARD = "gnu++14";
				CLANG_CXX_LIBRARY = "libc++";
				CLANG_ENABLE_MODULES = YES;
				CLANG_ENABLE_OBJC_ARC = YES;
				CLANG_ENABLE_OBJC_WEAK = YES;
				CLANG_WARN_BLOCK_CAPTURE_AUTORELEASING = YES;
				CLANG_WARN_BOOL_CONVERSION = YES;
				CLANG_WARN_COMMA = YES;
				CLANG_WARN_CONSTANT_CONVERSION = YES;
				CLANG_WARN_DEPRECATED_OBJC_IMPLEMENTATIONS = YES;
				CLANG_WARN_DIRECT_OBJC_ISA_USAGE = YES_ERROR;
				CLANG_WARN_DOCUMENTATION_COMMENTS = YES;
				CLANG_WARN_EMPTY_BODY = YES;
				CLANG_WARN_ENUM_CONVERSION = YES;
				CLANG_WARN_INFINITE_RECURSION = YES;
				CLANG_WARN_INT_CONVERSION = YES;
				CLANG_WARN_NON_LITERAL_NULL_CONVERSION = YES;
				CLANG_WARN_OBJC_IMPLICIT_RETAIN_SELF = YES;
				CLANG_WARN_OBJC_LITERAL_CONVERSION = YES;
				CLANG_WARN_OBJC_ROOT_CLASS = YES_ERROR;
				CLANG_WARN_RANGE_LOOP_ANALYSIS = YES;
				CLANG_WARN_STRICT_PROTOTYPES = YES;
				CLANG_WARN_SUSPICIOUS_MOVE = YES;
				CLANG_WARN_UNGUARDED_AVAILABILITY = YES_AGGRESSIVE;
				CLANG_WARN_UNREACHABLE_CODE = YES;
				CLANG_WARN__DUPLICATE_METHOD_MATCH = YES;
				COPY_PHASE_STRIP = NO;
				DEBUG_INFORMATION_FORMAT = dwarf;
				ENABLE_STRICT_OBJC_MSGSEND = YES;
				ENABLE_TESTABILITY = YES;
				GCC_C_LANGUAGE_STANDARD = gnu11;
				GCC_DYNAMIC_NO_PIC = NO;
				GCC_NO_COMMON_BLOCKS = YES;
				GCC_OPTIMIZATION_LEVEL = 0;
				GCC_PREPROCESSOR_DEFINITIONS = (
					"DEBUG=1",
					"$(inherited)",
				);
				GCC_WARN_64_TO_32_BIT_CONVERSION = YES;
				GCC_WARN_ABOUT_RETURN_TYPE = YES_ERROR;
				GCC_WARN_UNDECLARED_SELECTOR = YES;
				GCC_WARN_UNINITIALIZED_AUTOS = YES_AGGRESSIVE;
				GCC_WARN_UNUSED_FUNCTION = YES;
				GCC_WARN_UNUSED_VARIABLE = YES;
				IPHONEOS_DEPLOYMENT_TARGET = 13.4;
				MTL_ENABLE_DEBUG_INFO = INCLUDE_SOURCE;
				MTL_FAST_MATH = YES;
				ONLY_ACTIVE_ARCH = YES;
				SDKROOT = iphoneos;
			};
			name = Debug;
		};
		A12825D0245028F60084CE52 /* Release */ = {
			isa = XCBuildConfiguration;
			buildSettings = {
				ALWAYS_SEARCH_USER_PATHS = NO;
				CLANG_ANALYZER_NONNULL = YES;
				CLANG_ANALYZER_NUMBER_OBJECT_CONVERSION = YES_AGGRESSIVE;
				CLANG_CXX_LANGUAGE_STANDARD = "gnu++14";
				CLANG_CXX_LIBRARY = "libc++";
				CLANG_ENABLE_MODULES = YES;
				CLANG_ENABLE_OBJC_ARC = YES;
				CLANG_ENABLE_OBJC_WEAK = YES;
				CLANG_WARN_BLOCK_CAPTURE_AUTORELEASING = YES;
				CLANG_WARN_BOOL_CONVERSION = YES;
				CLANG_WARN_COMMA = YES;
				CLANG_WARN_CONSTANT_CONVERSION = YES;
				CLANG_WARN_DEPRECATED_OBJC_IMPLEMENTATIONS = YES;
				CLANG_WARN_DIRECT_OBJC_ISA_USAGE = YES_ERROR;
				CLANG_WARN_DOCUMENTATION_COMMENTS = YES;
				CLANG_WARN_EMPTY_BODY = YES;
				CLANG_WARN_ENUM_CONVERSION = YES;
				CLANG_WARN_INFINITE_RECURSION = YES;
				CLANG_WARN_INT_CONVERSION = YES;
				CLANG_WARN_NON_LITERAL_NULL_CONVERSION = YES;
				CLANG_WARN_OBJC_IMPLICIT_RETAIN_SELF = YES;
				CLANG_WARN_OBJC_LITERAL_CONVERSION = YES;
				CLANG_WARN_OBJC_ROOT_CLASS = YES_ERROR;
				CLANG_WARN_RANGE_LOOP_ANALYSIS = YES;
				CLANG_WARN_STRICT_PROTOTYPES = YES;
				CLANG_WARN_SUSPICIOUS_MOVE = YES;
				CLANG_WARN_UNGUARDED_AVAILABILITY = YES_AGGRESSIVE;
				CLANG_WARN_UNREACHABLE_CODE = YES;
				CLANG_WARN__DUPLICATE_METHOD_MATCH = YES;
				COPY_PHASE_STRIP = NO;
				DEBUG_INFORMATION_FORMAT = "dwarf-with-dsym";
				ENABLE_NS_ASSERTIONS = NO;
				ENABLE_STRICT_OBJC_MSGSEND = YES;
				GCC_C_LANGUAGE_STANDARD = gnu11;
				GCC_NO_COMMON_BLOCKS = YES;
				GCC_WARN_64_TO_32_BIT_CONVERSION = YES;
				GCC_WARN_ABOUT_RETURN_TYPE = YES_ERROR;
				GCC_WARN_UNDECLARED_SELECTOR = YES;
				GCC_WARN_UNINITIALIZED_AUTOS = YES_AGGRESSIVE;
				GCC_WARN_UNUSED_FUNCTION = YES;
				GCC_WARN_UNUSED_VARIABLE = YES;
				IPHONEOS_DEPLOYMENT_TARGET = 13.4;
				MTL_ENABLE_DEBUG_INFO = NO;
				MTL_FAST_MATH = YES;
				SDKROOT = iphoneos;
				VALIDATE_PRODUCT = YES;
			};
			name = Release;
		};
		A12825D2245028F60084CE52 /* Debug */ = {
			isa = XCBuildConfiguration;
			buildSettings = {
				ASSETCATALOG_COMPILER_APPICON_NAME = AppIcon;
				CODE_SIGN_STYLE = Automatic;
				DEVELOPMENT_TEAM = 6PUB3623F7;
				FRAMEWORK_SEARCH_PATHS = (
					"$(inherited)",
					"$(PROJECT_DIR)",
				);
				HEADER_SEARCH_PATHS = "$(PROJECT_DIR)/EbitenTest.framework/**";
				INFOPLIST_FILE = EbitenTest/Info.plist;
				LD_RUNPATH_SEARCH_PATHS = (
					"$(inherited)",
					"@executable_path/Frameworks",
				);
				PRODUCT_BUNDLE_IDENTIFIER = info.nikhilesh.EbitenTest2;
				PRODUCT_NAME = "$(TARGET_NAME)";
				TARGETED_DEVICE_FAMILY = "1,2";
			};
			name = Debug;
		};
		A12825D3245028F60084CE52 /* Release */ = {
			isa = XCBuildConfiguration;
			buildSettings = {
				ASSETCATALOG_COMPILER_APPICON_NAME = AppIcon;
				CODE_SIGN_STYLE = Automatic;
				DEVELOPMENT_TEAM = 6PUB3623F7;
				FRAMEWORK_SEARCH_PATHS = (
					"$(inherited)",
					"$(PROJECT_DIR)",
				);
				HEADER_SEARCH_PATHS = "$(PROJECT_DIR)/EbitenTest.framework/**";
				INFOPLIST_FILE = EbitenTest/Info.plist;
				LD_RUNPATH_SEARCH_PATHS = (
					"$(inherited)",
					"@executable_path/Frameworks",
				);
				PRODUCT_BUNDLE_IDENTIFIER = info.nikhilesh.EbitenTest2;
				PRODUCT_NAME = "$(TARGET_NAME)";
				TARGETED_DEVICE_FAMILY = "1,2";
			};
			name = Release;
		};
/* End XCBuildConfiguration section */

/* Begin XCConfigurationList section */
		A12825B3245028F40084CE52 /* Build configuration list for PBXProject "EbitenTest" */ = {
			isa = XCConfigurationList;
			buildConfigurations = (
				A12825CF245028F60084CE52 /* Debug */,
				A12825D0245028F60084CE52 /* Release */,
			);
			defaultConfigurationIsVisible = 0;
			defaultConfigurationName = Release;
		};
		A12825D1245028F60084CE52 /* Build configuration list for PBXNativeTarget "EbitenTest" */ = {
			isa = XCConfigurationList;
			buildConfigurations = (
				A12825D2245028F60084CE52 /* Debug */,
				A12825D3245028F60084CE52 /* Release */,
			);
			defaultConfigurationIsVisible = 0;
			defaultConfigurationName = Release;
		};
/* End XCConfigurationList section */
	};
	rootObject = A12825B0245028F40084CE52 /* Project object */;
}
